
Microsoft Visual Studio Solution File, Format Version 12.00
# Blend for Visual Studio Version 16
VisualStudioVersion = 16.0.30503.244
MinimumVisualStudioVersion = 10.0.40219.1
Project("{FAE04EC0-301F-11D3-BF4B-00C04F79EFBC}") = "WpfApp2", "WpfApp2\WpfApp2.csproj", "{B2E5D1A6-EC6D-4543-B32D-26FE948C67B3}"
EndProject
Global
	GlobalSection(SolutionConfigurationPlatforms) = preSolution
		Debug|Any CPU = Debug|Any CPU
		Release|Any CPU = Release|Any CPU
	EndGlobalSection
	GlobalSection(ProjectConfigurationPlatforms) = postSolution
		{B2E5D1A6-EC6D-4543-B32D-26FE948C67B3}.Debug|Any CPU.ActiveCfg = Debug|Any CPU
		{B2E5D1A6-EC6D-4543-B32D-26FE948C67B3}.Debug|Any CPU.Build.0 = Debug|Any CPU
		{B2E5D1A6-EC6D-4543-B32D-26FE948C67B3}.Release|Any CPU.ActiveCfg = Release|Any CPU
		{B2E5D1A6-EC6D-4543-B32D-26FE948C67B3}.Release|Any CPU.Build.0 = Release|Any CPU
	EndGlobalSection
	GlobalSection(SolutionProperties) = preSolution
		HideSolutionNode = FALSE
	EndGlobalSection
	GlobalSection(ExtensibilityGlobals) = postSolution
		SolutionGuid = {6F151D84-CC66-435C-B6E2-11415CC8E9BF}
	EndGlobalSection
EndGlobal
