
Microsoft Visual Studio Solution File, Format Version 12.00
# Visual Studio Version 16
VisualStudioVersion = 16.0.32126.315
MinimumVisualStudioVersion = 10.0.40219.1
Project("{FAE04EC0-301F-11D3-BF4B-00C04F79EFBC}") = "ConsoleApp1", "ConsoleApp1\ConsoleApp1.csproj", "{712E2E57-3050-4B19-B72A-31C692FD6166}"
EndProject
Global
	GlobalSection(SolutionConfigurationPlatforms) = preSolution
		Debug|Any CPU = Debug|Any CPU
		Release|Any CPU = Release|Any CPU
	EndGlobalSection
	GlobalSection(ProjectConfigurationPlatforms) = postSolution
		{712E2E57-3050-4B19-B72A-31C692FD6166}.Debug|Any CPU.ActiveCfg = Debug|Any CPU
		{712E2E57-3050-4B19-B72A-31C692FD6166}.Debug|Any CPU.Build.0 = Debug|Any CPU
		{712E2E57-3050-4B19-B72A-31C692FD6166}.Release|Any CPU.ActiveCfg = Release|Any CPU
		{712E2E57-3050-4B19-B72A-31C692FD6166}.Release|Any CPU.Build.0 = Release|Any CPU
	EndGlobalSection
	GlobalSection(SolutionProperties) = preSolution
		HideSolutionNode = FALSE
	EndGlobalSection
	GlobalSection(ExtensibilityGlobals) = postSolution
		SolutionGuid = {86C786F5-CCD8-407C-95D8-65BC28808451}
	EndGlobalSection
EndGlobal
